
Microsoft Visual Studio Solution File, Format Version 12.00
# Visual Studio 15
VisualStudioVersion = 15.0.27004.2005
MinimumVisualStudioVersion = 10.0.40219.1
Project("{FAE04EC0-301F-11D3-BF4B-00C04F79EFBC}") = "SlackBot", "SlackBot\SlackBot.csproj", "{9ED1F432-C0DA-4674-B19F-F0752E8E338A}"
EndProject
Global
	GlobalSection(SolutionConfigurationPlatforms) = preSolution
		Debug|Any CPU = Debug|Any CPU
		Release|Any CPU = Release|Any CPU
	EndGlobalSection
	GlobalSection(ProjectConfigurationPlatforms) = postSolution
		{9ED1F432-C0DA-4674-B19F-F0752E8E338A}.Debug|Any CPU.ActiveCfg = Debug|Any CPU
		{9ED1F432-C0DA-4674-B19F-F0752E8E338A}.Debug|Any CPU.Build.0 = Debug|Any CPU
		{9ED1F432-C0DA-4674-B19F-F0752E8E338A}.Release|Any CPU.ActiveCfg = Release|Any CPU
		{9ED1F432-C0DA-4674-B19F-F0752E8E338A}.Release|Any CPU.Build.0 = Release|Any CPU
	EndGlobalSection
	GlobalSection(SolutionProperties) = preSolution
		HideSolutionNode = FALSE
	EndGlobalSection
	GlobalSection(ExtensibilityGlobals) = postSolution
		SolutionGuid = {3261BAF4-9E32-4936-A377-413EE5ABA0C8}
	EndGlobalSection
EndGlobal
